
Microsoft Visual Studio Solution File, Format Version 12.00
# Visual Studio Version 16
VisualStudioVersion = 16.0.30104.148
MinimumVisualStudioVersion = 10.0.40219.1
Project("{9A19103F-16F7-4668-BE54-9A1E7A4F7556}") = "Core", "Core\Core.csproj", "{A7CC2832-665E-4B6D-9A4D-ABE27F5BE43D}"
EndProject
Project("{9A19103F-16F7-4668-BE54-9A1E7A4F7556}") = "Agent_Service", "Agent_Service\Agent_Service.csproj", "{12A0BE8E-EBB9-4D2E-ADD3-858BCFD8C426}"
EndProject
Project("{9A19103F-16F7-4668-BE54-9A1E7A4F7556}") = "StringEncrypter", "StringEncrypter\StringEncrypter.csproj", "{08F8383F-61DE-4DD7-9765-7D18CC911A5A}"
EndProject
Project("{FAE04EC0-301F-11D3-BF4B-00C04F79EFBC}") = "ClientApp_Mobile.Android", "ClientApp_Mobile\ClientApp_Mobile.Android\ClientApp_Mobile.Android.csproj", "{1EB1101C-1F19-4416-8E92-BFF23CA54BA7}"
EndProject
Project("{FAE04EC0-301F-11D3-BF4B-00C04F79EFBC}") = "ClientApp_Mobile.iOS", "ClientApp_Mobile\ClientApp_Mobile.iOS\ClientApp_Mobile.iOS.csproj", "{357BA13C-1E65-4F11-8EEA-3BC10CBDB439}"
EndProject
Project("{9A19103F-16F7-4668-BE54-9A1E7A4F7556}") = "ClientApp_Mobile", "ClientApp_Mobile\ClientApp_Mobile\ClientApp_Mobile.csproj", "{F10DA07E-00C3-4806-9630-5C18FE3CC7C2}"
EndProject
Project("{2150E333-8FDC-42A3-9474-1A3956D46DE8}") = "! - Info", "! - Info", "{9EDE6A37-0DDA-496F-BB24-23402571D9AE}"
	ProjectSection(SolutionItems) = preProject
		Db_Field_Lengths.txt = Db_Field_Lengths.txt
		MySQL_Passwords.txt = MySQL_Passwords.txt
		Server_Info.txt = Server_Info.txt
		Telegram_Bots.txt = Telegram_Bots.txt
		XML_Tags_To_Lowercase.xslt = XML_Tags_To_Lowercase.xslt
		Apple Screens.txt = Apple Screens.txt
	EndProjectSection
EndProject
Project("{2150E333-8FDC-42A3-9474-1A3956D46DE8}") = "! - TODO", "! - TODO", "{CAA8FE27-98CA-4F13-854C-13DC6B114BB0}"
	ProjectSection(SolutionItems) = preProject
		ClientApp.txt = ClientApp.txt
	EndProjectSection
EndProject
Project("{FAE04EC0-301F-11D3-BF4B-00C04F79EFBC}") = "Private_WebApi", "Private_WebApi\Private_WebApi.csproj", "{ECE1EF55-457A-48DA-8C1A-41392D51B1CD}"
EndProject
Project("{9344BDBB-3E7F-41FC-A0DD-8665D75EE146}") = "Administration_Tools_Win", "Administration_Tools_Win\Administration_Tools_Win.csproj", "{22DB85A3-BE4B-466B-92F4-2BED407F38E0}"
EndProject
Project("{9344BDBB-3E7F-41FC-A0DD-8665D75EE146}") = "Administration_Tools", "Administration_Tools\Administration_Tools.csproj", "{806159BC-922C-4682-A044-46BEB2C363F0}"
EndProject
Project("{9344BDBB-3E7F-41FC-A0DD-8665D75EE146}") = "OperatorApp", "OperatorApp\OperatorApp.csproj", "{EEC844AC-1D1C-48C9-835D-CD7DB16EFC3B}"
EndProject
Project("{9344BDBB-3E7F-41FC-A0DD-8665D75EE146}") = "OperatorApp_Win", "OperatorApp_Win\OperatorApp_Win.csproj", "{1D365B55-B9EC-40FE-95F5-0C78CC069A3E}"
EndProject
Global
	GlobalSection(SolutionConfigurationPlatforms) = preSolution
		Debug|Any CPU = Debug|Any CPU
		Debug|iPhone = Debug|iPhone
		Debug|iPhoneSimulator = Debug|iPhoneSimulator
		Release|Any CPU = Release|Any CPU
		Release|iPhone = Release|iPhone
		Release|iPhoneSimulator = Release|iPhoneSimulator
	EndGlobalSection
	GlobalSection(ProjectConfigurationPlatforms) = postSolution
		{A7CC2832-665E-4B6D-9A4D-ABE27F5BE43D}.Debug|Any CPU.ActiveCfg = Debug|Any CPU
		{A7CC2832-665E-4B6D-9A4D-ABE27F5BE43D}.Debug|Any CPU.Build.0 = Debug|Any CPU
		{A7CC2832-665E-4B6D-9A4D-ABE27F5BE43D}.Debug|iPhone.ActiveCfg = Debug|Any CPU
		{A7CC2832-665E-4B6D-9A4D-ABE27F5BE43D}.Debug|iPhone.Build.0 = Debug|Any CPU
		{A7CC2832-665E-4B6D-9A4D-ABE27F5BE43D}.Debug|iPhoneSimulator.ActiveCfg = Debug|Any CPU
		{A7CC2832-665E-4B6D-9A4D-ABE27F5BE43D}.Debug|iPhoneSimulator.Build.0 = Debug|Any CPU
		{A7CC2832-665E-4B6D-9A4D-ABE27F5BE43D}.Release|Any CPU.ActiveCfg = Release|Any CPU
		{A7CC2832-665E-4B6D-9A4D-ABE27F5BE43D}.Release|Any CPU.Build.0 = Release|Any CPU
		{A7CC2832-665E-4B6D-9A4D-ABE27F5BE43D}.Release|iPhone.ActiveCfg = Release|Any CPU
		{A7CC2832-665E-4B6D-9A4D-ABE27F5BE43D}.Release|iPhone.Build.0 = Release|Any CPU
		{A7CC2832-665E-4B6D-9A4D-ABE27F5BE43D}.Release|iPhoneSimulator.ActiveCfg = Release|Any CPU
		{A7CC2832-665E-4B6D-9A4D-ABE27F5BE43D}.Release|iPhoneSimulator.Build.0 = Release|Any CPU
		{12A0BE8E-EBB9-4D2E-ADD3-858BCFD8C426}.Debug|Any CPU.ActiveCfg = Debug|Any CPU
		{12A0BE8E-EBB9-4D2E-ADD3-858BCFD8C426}.Debug|Any CPU.Build.0 = Debug|Any CPU
		{12A0BE8E-EBB9-4D2E-ADD3-858BCFD8C426}.Debug|iPhone.ActiveCfg = Debug|Any CPU
		{12A0BE8E-EBB9-4D2E-ADD3-858BCFD8C426}.Debug|iPhone.Build.0 = Debug|Any CPU
		{12A0BE8E-EBB9-4D2E-ADD3-858BCFD8C426}.Debug|iPhoneSimulator.ActiveCfg = Debug|Any CPU
		{12A0BE8E-EBB9-4D2E-ADD3-858BCFD8C426}.Debug|iPhoneSimulator.Build.0 = Debug|Any CPU
		{12A0BE8E-EBB9-4D2E-ADD3-858BCFD8C426}.Release|Any CPU.ActiveCfg = Release|Any CPU
		{12A0BE8E-EBB9-4D2E-ADD3-858BCFD8C426}.Release|Any CPU.Build.0 = Release|Any CPU
		{12A0BE8E-EBB9-4D2E-ADD3-858BCFD8C426}.Release|iPhone.ActiveCfg = Release|Any CPU
		{12A0BE8E-EBB9-4D2E-ADD3-858BCFD8C426}.Release|iPhone.Build.0 = Release|Any CPU
		{12A0BE8E-EBB9-4D2E-ADD3-858BCFD8C426}.Release|iPhoneSimulator.ActiveCfg = Release|Any CPU
		{12A0BE8E-EBB9-4D2E-ADD3-858BCFD8C426}.Release|iPhoneSimulator.Build.0 = Release|Any CPU
		{08F8383F-61DE-4DD7-9765-7D18CC911A5A}.Debug|Any CPU.ActiveCfg = Debug|Any CPU
		{08F8383F-61DE-4DD7-9765-7D18CC911A5A}.Debug|Any CPU.Build.0 = Debug|Any CPU
		{08F8383F-61DE-4DD7-9765-7D18CC911A5A}.Debug|iPhone.ActiveCfg = Debug|Any CPU
		{08F8383F-61DE-4DD7-9765-7D18CC911A5A}.Debug|iPhone.Build.0 = Debug|Any CPU
		{08F8383F-61DE-4DD7-9765-7D18CC911A5A}.Debug|iPhoneSimulator.ActiveCfg = Debug|Any CPU
		{08F8383F-61DE-4DD7-9765-7D18CC911A5A}.Debug|iPhoneSimulator.Build.0 = Debug|Any CPU
		{08F8383F-61DE-4DD7-9765-7D18CC911A5A}.Release|Any CPU.ActiveCfg = Release|Any CPU
		{08F8383F-61DE-4DD7-9765-7D18CC911A5A}.Release|Any CPU.Build.0 = Release|Any CPU
		{08F8383F-61DE-4DD7-9765-7D18CC911A5A}.Release|iPhone.ActiveCfg = Release|Any CPU
		{08F8383F-61DE-4DD7-9765-7D18CC911A5A}.Release|iPhone.Build.0 = Release|Any CPU
		{08F8383F-61DE-4DD7-9765-7D18CC911A5A}.Release|iPhoneSimulator.ActiveCfg = Release|Any CPU
		{08F8383F-61DE-4DD7-9765-7D18CC911A5A}.Release|iPhoneSimulator.Build.0 = Release|Any CPU
		{1EB1101C-1F19-4416-8E92-BFF23CA54BA7}.Debug|Any CPU.ActiveCfg = Debug|Any CPU
		{1EB1101C-1F19-4416-8E92-BFF23CA54BA7}.Debug|Any CPU.Build.0 = Debug|Any CPU
		{1EB1101C-1F19-4416-8E92-BFF23CA54BA7}.Debug|Any CPU.Deploy.0 = Debug|Any CPU
		{1EB1101C-1F19-4416-8E92-BFF23CA54BA7}.Debug|iPhone.ActiveCfg = Debug|Any CPU
		{1EB1101C-1F19-4416-8E92-BFF23CA54BA7}.Debug|iPhone.Build.0 = Debug|Any CPU
		{1EB1101C-1F19-4416-8E92-BFF23CA54BA7}.Debug|iPhone.Deploy.0 = Debug|Any CPU
		{1EB1101C-1F19-4416-8E92-BFF23CA54BA7}.Debug|iPhoneSimulator.ActiveCfg = Debug|Any CPU
		{1EB1101C-1F19-4416-8E92-BFF23CA54BA7}.Debug|iPhoneSimulator.Build.0 = Debug|Any CPU
		{1EB1101C-1F19-4416-8E92-BFF23CA54BA7}.Debug|iPhoneSimulator.Deploy.0 = Debug|Any CPU
		{1EB1101C-1F19-4416-8E92-BFF23CA54BA7}.Release|Any CPU.ActiveCfg = Release|Any CPU
		{1EB1101C-1F19-4416-8E92-BFF23CA54BA7}.Release|Any CPU.Build.0 = Release|Any CPU
		{1EB1101C-1F19-4416-8E92-BFF23CA54BA7}.Release|Any CPU.Deploy.0 = Release|Any CPU
		{1EB1101C-1F19-4416-8E92-BFF23CA54BA7}.Release|iPhone.ActiveCfg = Release|Any CPU
		{1EB1101C-1F19-4416-8E92-BFF23CA54BA7}.Release|iPhone.Build.0 = Release|Any CPU
		{1EB1101C-1F19-4416-8E92-BFF23CA54BA7}.Release|iPhone.Deploy.0 = Release|Any CPU
		{1EB1101C-1F19-4416-8E92-BFF23CA54BA7}.Release|iPhoneSimulator.ActiveCfg = Release|Any CPU
		{1EB1101C-1F19-4416-8E92-BFF23CA54BA7}.Release|iPhoneSimulator.Build.0 = Release|Any CPU
		{1EB1101C-1F19-4416-8E92-BFF23CA54BA7}.Release|iPhoneSimulator.Deploy.0 = Release|Any CPU
		{357BA13C-1E65-4F11-8EEA-3BC10CBDB439}.Debug|Any CPU.ActiveCfg = Debug|iPhone
		{357BA13C-1E65-4F11-8EEA-3BC10CBDB439}.Debug|iPhone.ActiveCfg = Debug|iPhone
		{357BA13C-1E65-4F11-8EEA-3BC10CBDB439}.Debug|iPhone.Build.0 = Debug|iPhone
		{357BA13C-1E65-4F11-8EEA-3BC10CBDB439}.Debug|iPhoneSimulator.ActiveCfg = Debug|iPhoneSimulator
		{357BA13C-1E65-4F11-8EEA-3BC10CBDB439}.Debug|iPhoneSimulator.Build.0 = Debug|iPhoneSimulator
		{357BA13C-1E65-4F11-8EEA-3BC10CBDB439}.Release|Any CPU.ActiveCfg = Release|iPhone
		{357BA13C-1E65-4F11-8EEA-3BC10CBDB439}.Release|iPhone.ActiveCfg = Release|iPhone
		{357BA13C-1E65-4F11-8EEA-3BC10CBDB439}.Release|iPhone.Build.0 = Release|iPhone
		{357BA13C-1E65-4F11-8EEA-3BC10CBDB439}.Release|iPhoneSimulator.ActiveCfg = Release|iPhoneSimulator
		{357BA13C-1E65-4F11-8EEA-3BC10CBDB439}.Release|iPhoneSimulator.Build.0 = Release|iPhoneSimulator
		{F10DA07E-00C3-4806-9630-5C18FE3CC7C2}.Debug|Any CPU.ActiveCfg = Debug|Any CPU
		{F10DA07E-00C3-4806-9630-5C18FE3CC7C2}.Debug|Any CPU.Build.0 = Debug|Any CPU
		{F10DA07E-00C3-4806-9630-5C18FE3CC7C2}.Debug|iPhone.ActiveCfg = Debug|Any CPU
		{F10DA07E-00C3-4806-9630-5C18FE3CC7C2}.Debug|iPhone.Build.0 = Debug|Any CPU
		{F10DA07E-00C3-4806-9630-5C18FE3CC7C2}.Debug|iPhoneSimulator.ActiveCfg = Debug|Any CPU
		{F10DA07E-00C3-4806-9630-5C18FE3CC7C2}.Debug|iPhoneSimulator.Build.0 = Debug|Any CPU
		{F10DA07E-00C3-4806-9630-5C18FE3CC7C2}.Release|Any CPU.ActiveCfg = Release|Any CPU
		{F10DA07E-00C3-4806-9630-5C18FE3CC7C2}.Release|Any CPU.Build.0 = Release|Any CPU
		{F10DA07E-00C3-4806-9630-5C18FE3CC7C2}.Release|iPhone.ActiveCfg = Release|Any CPU
		{F10DA07E-00C3-4806-9630-5C18FE3CC7C2}.Release|iPhone.Build.0 = Release|Any CPU
		{F10DA07E-00C3-4806-9630-5C18FE3CC7C2}.Release|iPhoneSimulator.ActiveCfg = Release|Any CPU
		{F10DA07E-00C3-4806-9630-5C18FE3CC7C2}.Release|iPhoneSimulator.Build.0 = Release|Any CPU
		{ECE1EF55-457A-48DA-8C1A-41392D51B1CD}.Debug|Any CPU.ActiveCfg = Debug|Any CPU
		{ECE1EF55-457A-48DA-8C1A-41392D51B1CD}.Debug|Any CPU.Build.0 = Debug|Any CPU
		{ECE1EF55-457A-48DA-8C1A-41392D51B1CD}.Debug|iPhone.ActiveCfg = Debug|Any CPU
		{ECE1EF55-457A-48DA-8C1A-41392D51B1CD}.Debug|iPhone.Build.0 = Debug|Any CPU
		{ECE1EF55-457A-48DA-8C1A-41392D51B1CD}.Debug|iPhoneSimulator.ActiveCfg = Debug|Any CPU
		{ECE1EF55-457A-48DA-8C1A-41392D51B1CD}.Debug|iPhoneSimulator.Build.0 = Debug|Any CPU
		{ECE1EF55-457A-48DA-8C1A-41392D51B1CD}.Release|Any CPU.ActiveCfg = Release|Any CPU
		{ECE1EF55-457A-48DA-8C1A-41392D51B1CD}.Release|Any CPU.Build.0 = Release|Any CPU
		{ECE1EF55-457A-48DA-8C1A-41392D51B1CD}.Release|iPhone.ActiveCfg = Release|Any CPU
		{ECE1EF55-457A-48DA-8C1A-41392D51B1CD}.Release|iPhone.Build.0 = Release|Any CPU
		{ECE1EF55-457A-48DA-8C1A-41392D51B1CD}.Release|iPhoneSimulator.ActiveCfg = Release|Any CPU
		{ECE1EF55-457A-48DA-8C1A-41392D51B1CD}.Release|iPhoneSimulator.Build.0 = Release|Any CPU
		{22DB85A3-BE4B-466B-92F4-2BED407F38E0}.Debug|Any CPU.ActiveCfg = Debug|Any CPU
		{22DB85A3-BE4B-466B-92F4-2BED407F38E0}.Debug|Any CPU.Build.0 = Debug|Any CPU
		{22DB85A3-BE4B-466B-92F4-2BED407F38E0}.Debug|iPhone.ActiveCfg = Debug|Any CPU
		{22DB85A3-BE4B-466B-92F4-2BED407F38E0}.Debug|iPhone.Build.0 = Debug|Any CPU
		{22DB85A3-BE4B-466B-92F4-2BED407F38E0}.Debug|iPhoneSimulator.ActiveCfg = Debug|Any CPU
		{22DB85A3-BE4B-466B-92F4-2BED407F38E0}.Debug|iPhoneSimulator.Build.0 = Debug|Any CPU
		{22DB85A3-BE4B-466B-92F4-2BED407F38E0}.Release|Any CPU.ActiveCfg = Release|Any CPU
		{22DB85A3-BE4B-466B-92F4-2BED407F38E0}.Release|Any CPU.Build.0 = Release|Any CPU
		{22DB85A3-BE4B-466B-92F4-2BED407F38E0}.Release|iPhone.ActiveCfg = Release|Any CPU
		{22DB85A3-BE4B-466B-92F4-2BED407F38E0}.Release|iPhone.Build.0 = Release|Any CPU
		{22DB85A3-BE4B-466B-92F4-2BED407F38E0}.Release|iPhoneSimulator.ActiveCfg = Release|Any CPU
		{22DB85A3-BE4B-466B-92F4-2BED407F38E0}.Release|iPhoneSimulator.Build.0 = Release|Any CPU
		{806159BC-922C-4682-A044-46BEB2C363F0}.Debug|Any CPU.ActiveCfg = Debug|Any CPU
		{806159BC-922C-4682-A044-46BEB2C363F0}.Debug|Any CPU.Build.0 = Debug|Any CPU
		{806159BC-922C-4682-A044-46BEB2C363F0}.Debug|iPhone.ActiveCfg = Debug|Any CPU
		{806159BC-922C-4682-A044-46BEB2C363F0}.Debug|iPhone.Build.0 = Debug|Any CPU
		{806159BC-922C-4682-A044-46BEB2C363F0}.Debug|iPhoneSimulator.ActiveCfg = Debug|Any CPU
		{806159BC-922C-4682-A044-46BEB2C363F0}.Debug|iPhoneSimulator.Build.0 = Debug|Any CPU
		{806159BC-922C-4682-A044-46BEB2C363F0}.Release|Any CPU.ActiveCfg = Release|Any CPU
		{806159BC-922C-4682-A044-46BEB2C363F0}.Release|Any CPU.Build.0 = Release|Any CPU
		{806159BC-922C-4682-A044-46BEB2C363F0}.Release|iPhone.ActiveCfg = Release|Any CPU
		{806159BC-922C-4682-A044-46BEB2C363F0}.Release|iPhone.Build.0 = Release|Any CPU
		{806159BC-922C-4682-A044-46BEB2C363F0}.Release|iPhoneSimulator.ActiveCfg = Release|Any CPU
		{806159BC-922C-4682-A044-46BEB2C363F0}.Release|iPhoneSimulator.Build.0 = Release|Any CPU
		{EEC844AC-1D1C-48C9-835D-CD7DB16EFC3B}.Debug|Any CPU.ActiveCfg = Debug|Any CPU
		{EEC844AC-1D1C-48C9-835D-CD7DB16EFC3B}.Debug|Any CPU.Build.0 = Debug|Any CPU
		{EEC844AC-1D1C-48C9-835D-CD7DB16EFC3B}.Debug|iPhone.ActiveCfg = Debug|Any CPU
		{EEC844AC-1D1C-48C9-835D-CD7DB16EFC3B}.Debug|iPhone.Build.0 = Debug|Any CPU
		{EEC844AC-1D1C-48C9-835D-CD7DB16EFC3B}.Debug|iPhoneSimulator.ActiveCfg = Debug|Any CPU
		{EEC844AC-1D1C-48C9-835D-CD7DB16EFC3B}.Debug|iPhoneSimulator.Build.0 = Debug|Any CPU
		{EEC844AC-1D1C-48C9-835D-CD7DB16EFC3B}.Release|Any CPU.ActiveCfg = Release|Any CPU
		{EEC844AC-1D1C-48C9-835D-CD7DB16EFC3B}.Release|Any CPU.Build.0 = Release|Any CPU
		{EEC844AC-1D1C-48C9-835D-CD7DB16EFC3B}.Release|iPhone.ActiveCfg = Release|Any CPU
		{EEC844AC-1D1C-48C9-835D-CD7DB16EFC3B}.Release|iPhone.Build.0 = Release|Any CPU
		{EEC844AC-1D1C-48C9-835D-CD7DB16EFC3B}.Release|iPhoneSimulator.ActiveCfg = Release|Any CPU
		{EEC844AC-1D1C-48C9-835D-CD7DB16EFC3B}.Release|iPhoneSimulator.Build.0 = Release|Any CPU
		{1D365B55-B9EC-40FE-95F5-0C78CC069A3E}.Debug|Any CPU.ActiveCfg = Debug|Any CPU
		{1D365B55-B9EC-40FE-95F5-0C78CC069A3E}.Debug|Any CPU.Build.0 = Debug|Any CPU
		{1D365B55-B9EC-40FE-95F5-0C78CC069A3E}.Debug|iPhone.ActiveCfg = Debug|Any CPU
		{1D365B55-B9EC-40FE-95F5-0C78CC069A3E}.Debug|iPhone.Build.0 = Debug|Any CPU
		{1D365B55-B9EC-40FE-95F5-0C78CC069A3E}.Debug|iPhoneSimulator.ActiveCfg = Debug|Any CPU
		{1D365B55-B9EC-40FE-95F5-0C78CC069A3E}.Debug|iPhoneSimulator.Build.0 = Debug|Any CPU
		{1D365B55-B9EC-40FE-95F5-0C78CC069A3E}.Release|Any CPU.ActiveCfg = Release|Any CPU
		{1D365B55-B9EC-40FE-95F5-0C78CC069A3E}.Release|Any CPU.Build.0 = Release|Any CPU
		{1D365B55-B9EC-40FE-95F5-0C78CC069A3E}.Release|iPhone.ActiveCfg = Release|Any CPU
		{1D365B55-B9EC-40FE-95F5-0C78CC069A3E}.Release|iPhone.Build.0 = Release|Any CPU
		{1D365B55-B9EC-40FE-95F5-0C78CC069A3E}.Release|iPhoneSimulator.ActiveCfg = Release|Any CPU
		{1D365B55-B9EC-40FE-95F5-0C78CC069A3E}.Release|iPhoneSimulator.Build.0 = Release|Any CPU
	EndGlobalSection
	GlobalSection(SolutionProperties) = preSolution
		HideSolutionNode = FALSE
	EndGlobalSection
	GlobalSection(ExtensibilityGlobals) = postSolution
		SolutionGuid = {CD40E2DF-EB8E-4885-BFE3-1A3D6B32F713}
	EndGlobalSection
	GlobalSection(MonoDevelopProperties) = preSolution
		Policies = $0
		$0.DotNetNamingPolicy = $1
		$1.DirectoryNamespaceAssociation = PrefixedHierarchical
		$0.StandardHeader = $2
		$0.VersionControlPolicy = $3
		version = 0.1.0
	EndGlobalSection
EndGlobal
