
Microsoft Visual Studio Solution File, Format Version 12.00
# Visual Studio Version 16
VisualStudioVersion = 16.0.30104.148
MinimumVisualStudioVersion = 10.0.40219.1
Project("{9A19103F-16F7-4668-BE54-9A1E7A4F7556}") = "Administration_Tools_Win", "Administration_Tools_Win\Administration_Tools_Win.csproj", "{B47B3252-D743-43DD-BF3E-E41C1B79C351}"
EndProject
Project("{9A19103F-16F7-4668-BE54-9A1E7A4F7556}") = "Core", "Core\Core.csproj", "{A7CC2832-665E-4B6D-9A4D-ABE27F5BE43D}"
EndProject
Project("{9A19103F-16F7-4668-BE54-9A1E7A4F7556}") = "Administration_Tools", "Administration_Tools\Administration_Tools.csproj", "{F8061B73-EA77-4E8B-ACC3-D989D9EC7279}"
EndProject
Project("{9A19103F-16F7-4668-BE54-9A1E7A4F7556}") = "ClientApp", "ClientApp\ClientApp.csproj", "{BE9F3BDB-0E98-4BCD-B54B-123DDFE25031}"
EndProject
Project("{9A19103F-16F7-4668-BE54-9A1E7A4F7556}") = "ClientApp_Win", "ClientApp_Win\ClientApp_Win.csproj", "{5965C153-60CB-4A00-8BF9-F29BA6431BAC}"
EndProject
Project("{FAE04EC0-301F-11D3-BF4B-00C04F79EFBC}") = "Agent", "Agent\Agent.csproj", "{18AD111F-8C05-4C8F-A5EF-5AC6B244EA1F}"
EndProject
Global
	GlobalSection(SolutionConfigurationPlatforms) = preSolution
		Debug|Any CPU = Debug|Any CPU
		Release|Any CPU = Release|Any CPU
	EndGlobalSection
	GlobalSection(ProjectConfigurationPlatforms) = postSolution
		{B47B3252-D743-43DD-BF3E-E41C1B79C351}.Debug|Any CPU.ActiveCfg = Debug|Any CPU
		{B47B3252-D743-43DD-BF3E-E41C1B79C351}.Debug|Any CPU.Build.0 = Debug|Any CPU
		{B47B3252-D743-43DD-BF3E-E41C1B79C351}.Release|Any CPU.ActiveCfg = Release|Any CPU
		{B47B3252-D743-43DD-BF3E-E41C1B79C351}.Release|Any CPU.Build.0 = Release|Any CPU
		{A7CC2832-665E-4B6D-9A4D-ABE27F5BE43D}.Debug|Any CPU.ActiveCfg = Debug|Any CPU
		{A7CC2832-665E-4B6D-9A4D-ABE27F5BE43D}.Debug|Any CPU.Build.0 = Debug|Any CPU
		{A7CC2832-665E-4B6D-9A4D-ABE27F5BE43D}.Release|Any CPU.ActiveCfg = Release|Any CPU
		{A7CC2832-665E-4B6D-9A4D-ABE27F5BE43D}.Release|Any CPU.Build.0 = Release|Any CPU
		{F8061B73-EA77-4E8B-ACC3-D989D9EC7279}.Debug|Any CPU.ActiveCfg = Debug|Any CPU
		{F8061B73-EA77-4E8B-ACC3-D989D9EC7279}.Debug|Any CPU.Build.0 = Debug|Any CPU
		{F8061B73-EA77-4E8B-ACC3-D989D9EC7279}.Release|Any CPU.ActiveCfg = Release|Any CPU
		{F8061B73-EA77-4E8B-ACC3-D989D9EC7279}.Release|Any CPU.Build.0 = Release|Any CPU
		{BE9F3BDB-0E98-4BCD-B54B-123DDFE25031}.Debug|Any CPU.ActiveCfg = Debug|Any CPU
		{BE9F3BDB-0E98-4BCD-B54B-123DDFE25031}.Debug|Any CPU.Build.0 = Debug|Any CPU
		{BE9F3BDB-0E98-4BCD-B54B-123DDFE25031}.Release|Any CPU.ActiveCfg = Release|Any CPU
		{BE9F3BDB-0E98-4BCD-B54B-123DDFE25031}.Release|Any CPU.Build.0 = Release|Any CPU
		{5965C153-60CB-4A00-8BF9-F29BA6431BAC}.Debug|Any CPU.ActiveCfg = Debug|Any CPU
		{5965C153-60CB-4A00-8BF9-F29BA6431BAC}.Debug|Any CPU.Build.0 = Debug|Any CPU
		{5965C153-60CB-4A00-8BF9-F29BA6431BAC}.Release|Any CPU.ActiveCfg = Release|Any CPU
		{5965C153-60CB-4A00-8BF9-F29BA6431BAC}.Release|Any CPU.Build.0 = Release|Any CPU
		{18AD111F-8C05-4C8F-A5EF-5AC6B244EA1F}.Debug|Any CPU.ActiveCfg = Debug|Any CPU
		{18AD111F-8C05-4C8F-A5EF-5AC6B244EA1F}.Debug|Any CPU.Build.0 = Debug|Any CPU
		{18AD111F-8C05-4C8F-A5EF-5AC6B244EA1F}.Release|Any CPU.ActiveCfg = Release|Any CPU
		{18AD111F-8C05-4C8F-A5EF-5AC6B244EA1F}.Release|Any CPU.Build.0 = Release|Any CPU
	EndGlobalSection
	GlobalSection(SolutionProperties) = preSolution
		HideSolutionNode = FALSE
	EndGlobalSection
	GlobalSection(ExtensibilityGlobals) = postSolution
		SolutionGuid = {CD40E2DF-EB8E-4885-BFE3-1A3D6B32F713}
	EndGlobalSection
EndGlobal
