
Microsoft Visual Studio Solution File, Format Version 12.00
# Visual Studio Version 16
VisualStudioVersion = 16.0.30104.148
MinimumVisualStudioVersion = 10.0.40219.1
Project("{9A19103F-16F7-4668-BE54-9A1E7A4F7556}") = "Core", "Core\Core.csproj", "{A7CC2832-665E-4B6D-9A4D-ABE27F5BE43D}"
EndProject
Project("{9A19103F-16F7-4668-BE54-9A1E7A4F7556}") = "Agent_Service", "Agent_Service\Agent_Service.csproj", "{12A0BE8E-EBB9-4D2E-ADD3-858BCFD8C426}"
EndProject
Project("{9A19103F-16F7-4668-BE54-9A1E7A4F7556}") = "StringEncrypter", "StringEncrypter\StringEncrypter.csproj", "{08F8383F-61DE-4DD7-9765-7D18CC911A5A}"
EndProject
Project("{FAE04EC0-301F-11D3-BF4B-00C04F79EFBC}") = "ClientApp_Mobile.Android", "ClientApp_Mobile\ClientApp_Mobile.Android\ClientApp_Mobile.Android.csproj", "{1EB1101C-1F19-4416-8E92-BFF23CA54BA7}"
EndProject
Project("{FAE04EC0-301F-11D3-BF4B-00C04F79EFBC}") = "ClientApp_Mobile.iOS", "ClientApp_Mobile\ClientApp_Mobile.iOS\ClientApp_Mobile.iOS.csproj", "{357BA13C-1E65-4F11-8EEA-3BC10CBDB439}"
EndProject
Project("{9A19103F-16F7-4668-BE54-9A1E7A4F7556}") = "ClientApp_Mobile", "ClientApp_Mobile\ClientApp_Mobile\ClientApp_Mobile.csproj", "{F10DA07E-00C3-4806-9630-5C18FE3CC7C2}"
EndProject
Project("{2150E333-8FDC-42A3-9474-1A3956D46DE8}") = "! - Info", "! - Info", "{9EDE6A37-0DDA-496F-BB24-23402571D9AE}"
	ProjectSection(SolutionItems) = preProject
		Apple Screens.txt = Apple Screens.txt
		Db_Field_Lengths.txt = Db_Field_Lengths.txt
		MySQL_Passwords.txt = MySQL_Passwords.txt
		Server_Info.txt = Server_Info.txt
		Telegram_Bots.txt = Telegram_Bots.txt
		XML_Tags_To_Lowercase.xslt = XML_Tags_To_Lowercase.xslt
	EndProjectSection
EndProject
Project("{2150E333-8FDC-42A3-9474-1A3956D46DE8}") = "! - TODO", "! - TODO", "{CAA8FE27-98CA-4F13-854C-13DC6B114BB0}"
	ProjectSection(SolutionItems) = preProject
		ClientApp.txt = ClientApp.txt
	EndProjectSection
EndProject
Project("{9A19103F-16F7-4668-BE54-9A1E7A4F7556}") = "Private_WebApi", "Private_WebApi\Private_WebApi.csproj", "{ECE1EF55-457A-48DA-8C1A-41392D51B1CD}"
EndProject
Project("{9344BDBB-3E7F-41FC-A0DD-8665D75EE146}") = "Administration_Tools_Win", "Administration_Tools_Win\Administration_Tools_Win.csproj", "{BAF39C2A-D093-4ADA-919B-27383981E8F4}"
EndProject
Project("{9344BDBB-3E7F-41FC-A0DD-8665D75EE146}") = "Administration_Tools", "Administration_Tools\Administration_Tools.csproj", "{9631E79B-2B28-4511-81F9-57EE50FA62BE}"
EndProject
Project("{9344BDBB-3E7F-41FC-A0DD-8665D75EE146}") = "OperatorApp", "OperatorApp\OperatorApp.csproj", "{A5983BFE-2AB8-4AC5-B2A3-791801F65C96}"
EndProject
Project("{9344BDBB-3E7F-41FC-A0DD-8665D75EE146}") = "OperatorApp_Win", "OperatorApp_Win\OperatorApp_Win.csproj", "{F259C8D0-C5ED-4307-9CD0-394F958F162E}"
EndProject
Project("{FAE04EC0-301F-11D3-BF4B-00C04F79EFBC}") = "CoreServices", "CoreServices\CoreServices.csproj", "{883C0DCA-4A4B-47E7-8C2F-E7BAE367D6EF}"
EndProject
Global
	GlobalSection(SolutionConfigurationPlatforms) = preSolution
		Debug|Any CPU = Debug|Any CPU
		Debug|iPhone = Debug|iPhone
		Debug|iPhoneSimulator = Debug|iPhoneSimulator
		Mac_HomeDebug|Any CPU = Mac_HomeDebug|Any CPU
		Mac_HomeDebug|iPhone = Mac_HomeDebug|iPhone
		Mac_HomeDebug|iPhoneSimulator = Mac_HomeDebug|iPhoneSimulator
		PC_HomeDebug|Any CPU = PC_HomeDebug|Any CPU
		PC_HomeDebug|iPhone = PC_HomeDebug|iPhone
		PC_HomeDebug|iPhoneSimulator = PC_HomeDebug|iPhoneSimulator
		Release|Any CPU = Release|Any CPU
		Release|iPhone = Release|iPhone
		Release|iPhoneSimulator = Release|iPhoneSimulator
	EndGlobalSection
	GlobalSection(ProjectConfigurationPlatforms) = postSolution
		{A7CC2832-665E-4B6D-9A4D-ABE27F5BE43D}.Debug|Any CPU.ActiveCfg = Debug|Any CPU
		{A7CC2832-665E-4B6D-9A4D-ABE27F5BE43D}.Debug|Any CPU.Build.0 = Debug|Any CPU
		{A7CC2832-665E-4B6D-9A4D-ABE27F5BE43D}.Debug|iPhone.ActiveCfg = Debug|Any CPU
		{A7CC2832-665E-4B6D-9A4D-ABE27F5BE43D}.Debug|iPhone.Build.0 = Debug|Any CPU
		{A7CC2832-665E-4B6D-9A4D-ABE27F5BE43D}.Debug|iPhoneSimulator.ActiveCfg = Debug|Any CPU
		{A7CC2832-665E-4B6D-9A4D-ABE27F5BE43D}.Debug|iPhoneSimulator.Build.0 = Debug|Any CPU
		{A7CC2832-665E-4B6D-9A4D-ABE27F5BE43D}.Mac_HomeDebug|Any CPU.ActiveCfg = Mac_HomeDebug|Any CPU
		{A7CC2832-665E-4B6D-9A4D-ABE27F5BE43D}.Mac_HomeDebug|Any CPU.Build.0 = Mac_HomeDebug|Any CPU
		{A7CC2832-665E-4B6D-9A4D-ABE27F5BE43D}.Mac_HomeDebug|iPhone.ActiveCfg = Mac_HomeDebug|Any CPU
		{A7CC2832-665E-4B6D-9A4D-ABE27F5BE43D}.Mac_HomeDebug|iPhone.Build.0 = Mac_HomeDebug|Any CPU
		{A7CC2832-665E-4B6D-9A4D-ABE27F5BE43D}.Mac_HomeDebug|iPhoneSimulator.ActiveCfg = Mac_HomeDebug|Any CPU
		{A7CC2832-665E-4B6D-9A4D-ABE27F5BE43D}.Mac_HomeDebug|iPhoneSimulator.Build.0 = Mac_HomeDebug|Any CPU
		{A7CC2832-665E-4B6D-9A4D-ABE27F5BE43D}.PC_HomeDebug|Any CPU.ActiveCfg = PC_HomeDebug|Any CPU
		{A7CC2832-665E-4B6D-9A4D-ABE27F5BE43D}.PC_HomeDebug|Any CPU.Build.0 = PC_HomeDebug|Any CPU
		{A7CC2832-665E-4B6D-9A4D-ABE27F5BE43D}.PC_HomeDebug|iPhone.ActiveCfg = PC_HomeDebug|Any CPU
		{A7CC2832-665E-4B6D-9A4D-ABE27F5BE43D}.PC_HomeDebug|iPhone.Build.0 = PC_HomeDebug|Any CPU
		{A7CC2832-665E-4B6D-9A4D-ABE27F5BE43D}.PC_HomeDebug|iPhoneSimulator.ActiveCfg = PC_HomeDebug|Any CPU
		{A7CC2832-665E-4B6D-9A4D-ABE27F5BE43D}.PC_HomeDebug|iPhoneSimulator.Build.0 = PC_HomeDebug|Any CPU
		{A7CC2832-665E-4B6D-9A4D-ABE27F5BE43D}.Release|Any CPU.ActiveCfg = Release|Any CPU
		{A7CC2832-665E-4B6D-9A4D-ABE27F5BE43D}.Release|Any CPU.Build.0 = Release|Any CPU
		{A7CC2832-665E-4B6D-9A4D-ABE27F5BE43D}.Release|iPhone.ActiveCfg = Release|Any CPU
		{A7CC2832-665E-4B6D-9A4D-ABE27F5BE43D}.Release|iPhone.Build.0 = Release|Any CPU
		{A7CC2832-665E-4B6D-9A4D-ABE27F5BE43D}.Release|iPhoneSimulator.ActiveCfg = Release|Any CPU
		{A7CC2832-665E-4B6D-9A4D-ABE27F5BE43D}.Release|iPhoneSimulator.Build.0 = Release|Any CPU
		{12A0BE8E-EBB9-4D2E-ADD3-858BCFD8C426}.Debug|Any CPU.ActiveCfg = Debug|Any CPU
		{12A0BE8E-EBB9-4D2E-ADD3-858BCFD8C426}.Debug|Any CPU.Build.0 = Debug|Any CPU
		{12A0BE8E-EBB9-4D2E-ADD3-858BCFD8C426}.Debug|iPhone.ActiveCfg = Debug|Any CPU
		{12A0BE8E-EBB9-4D2E-ADD3-858BCFD8C426}.Debug|iPhone.Build.0 = Debug|Any CPU
		{12A0BE8E-EBB9-4D2E-ADD3-858BCFD8C426}.Debug|iPhoneSimulator.ActiveCfg = Debug|Any CPU
		{12A0BE8E-EBB9-4D2E-ADD3-858BCFD8C426}.Debug|iPhoneSimulator.Build.0 = Debug|Any CPU
		{12A0BE8E-EBB9-4D2E-ADD3-858BCFD8C426}.Mac_HomeDebug|Any CPU.ActiveCfg = Mac_HomeDebug|Any CPU
		{12A0BE8E-EBB9-4D2E-ADD3-858BCFD8C426}.Mac_HomeDebug|Any CPU.Build.0 = Mac_HomeDebug|Any CPU
		{12A0BE8E-EBB9-4D2E-ADD3-858BCFD8C426}.Mac_HomeDebug|iPhone.ActiveCfg = Mac_HomeDebug|Any CPU
		{12A0BE8E-EBB9-4D2E-ADD3-858BCFD8C426}.Mac_HomeDebug|iPhone.Build.0 = Mac_HomeDebug|Any CPU
		{12A0BE8E-EBB9-4D2E-ADD3-858BCFD8C426}.Mac_HomeDebug|iPhoneSimulator.ActiveCfg = Mac_HomeDebug|Any CPU
		{12A0BE8E-EBB9-4D2E-ADD3-858BCFD8C426}.Mac_HomeDebug|iPhoneSimulator.Build.0 = Mac_HomeDebug|Any CPU
		{12A0BE8E-EBB9-4D2E-ADD3-858BCFD8C426}.PC_HomeDebug|Any CPU.ActiveCfg = PC_HomeDebug|Any CPU
		{12A0BE8E-EBB9-4D2E-ADD3-858BCFD8C426}.PC_HomeDebug|Any CPU.Build.0 = PC_HomeDebug|Any CPU
		{12A0BE8E-EBB9-4D2E-ADD3-858BCFD8C426}.PC_HomeDebug|iPhone.ActiveCfg = PC_HomeDebug|Any CPU
		{12A0BE8E-EBB9-4D2E-ADD3-858BCFD8C426}.PC_HomeDebug|iPhone.Build.0 = PC_HomeDebug|Any CPU
		{12A0BE8E-EBB9-4D2E-ADD3-858BCFD8C426}.PC_HomeDebug|iPhoneSimulator.ActiveCfg = PC_HomeDebug|Any CPU
		{12A0BE8E-EBB9-4D2E-ADD3-858BCFD8C426}.PC_HomeDebug|iPhoneSimulator.Build.0 = PC_HomeDebug|Any CPU
		{12A0BE8E-EBB9-4D2E-ADD3-858BCFD8C426}.Release|Any CPU.ActiveCfg = Release|Any CPU
		{12A0BE8E-EBB9-4D2E-ADD3-858BCFD8C426}.Release|Any CPU.Build.0 = Release|Any CPU
		{12A0BE8E-EBB9-4D2E-ADD3-858BCFD8C426}.Release|iPhone.ActiveCfg = Release|Any CPU
		{12A0BE8E-EBB9-4D2E-ADD3-858BCFD8C426}.Release|iPhone.Build.0 = Release|Any CPU
		{12A0BE8E-EBB9-4D2E-ADD3-858BCFD8C426}.Release|iPhoneSimulator.ActiveCfg = Release|Any CPU
		{12A0BE8E-EBB9-4D2E-ADD3-858BCFD8C426}.Release|iPhoneSimulator.Build.0 = Release|Any CPU
		{08F8383F-61DE-4DD7-9765-7D18CC911A5A}.Debug|Any CPU.ActiveCfg = Debug|Any CPU
		{08F8383F-61DE-4DD7-9765-7D18CC911A5A}.Debug|Any CPU.Build.0 = Debug|Any CPU
		{08F8383F-61DE-4DD7-9765-7D18CC911A5A}.Debug|iPhone.ActiveCfg = Debug|Any CPU
		{08F8383F-61DE-4DD7-9765-7D18CC911A5A}.Debug|iPhone.Build.0 = Debug|Any CPU
		{08F8383F-61DE-4DD7-9765-7D18CC911A5A}.Debug|iPhoneSimulator.ActiveCfg = Debug|Any CPU
		{08F8383F-61DE-4DD7-9765-7D18CC911A5A}.Debug|iPhoneSimulator.Build.0 = Debug|Any CPU
		{08F8383F-61DE-4DD7-9765-7D18CC911A5A}.Mac_HomeDebug|Any CPU.ActiveCfg = Mac_HomeDebug|Any CPU
		{08F8383F-61DE-4DD7-9765-7D18CC911A5A}.Mac_HomeDebug|Any CPU.Build.0 = Mac_HomeDebug|Any CPU
		{08F8383F-61DE-4DD7-9765-7D18CC911A5A}.Mac_HomeDebug|iPhone.ActiveCfg = Mac_HomeDebug|Any CPU
		{08F8383F-61DE-4DD7-9765-7D18CC911A5A}.Mac_HomeDebug|iPhone.Build.0 = Mac_HomeDebug|Any CPU
		{08F8383F-61DE-4DD7-9765-7D18CC911A5A}.Mac_HomeDebug|iPhoneSimulator.ActiveCfg = Mac_HomeDebug|Any CPU
		{08F8383F-61DE-4DD7-9765-7D18CC911A5A}.Mac_HomeDebug|iPhoneSimulator.Build.0 = Mac_HomeDebug|Any CPU
		{08F8383F-61DE-4DD7-9765-7D18CC911A5A}.PC_HomeDebug|Any CPU.ActiveCfg = PC_HomeDebug|Any CPU
		{08F8383F-61DE-4DD7-9765-7D18CC911A5A}.PC_HomeDebug|Any CPU.Build.0 = PC_HomeDebug|Any CPU
		{08F8383F-61DE-4DD7-9765-7D18CC911A5A}.PC_HomeDebug|iPhone.ActiveCfg = PC_HomeDebug|Any CPU
		{08F8383F-61DE-4DD7-9765-7D18CC911A5A}.PC_HomeDebug|iPhone.Build.0 = PC_HomeDebug|Any CPU
		{08F8383F-61DE-4DD7-9765-7D18CC911A5A}.PC_HomeDebug|iPhoneSimulator.ActiveCfg = PC_HomeDebug|Any CPU
		{08F8383F-61DE-4DD7-9765-7D18CC911A5A}.PC_HomeDebug|iPhoneSimulator.Build.0 = PC_HomeDebug|Any CPU
		{08F8383F-61DE-4DD7-9765-7D18CC911A5A}.Release|Any CPU.ActiveCfg = Release|Any CPU
		{08F8383F-61DE-4DD7-9765-7D18CC911A5A}.Release|Any CPU.Build.0 = Release|Any CPU
		{08F8383F-61DE-4DD7-9765-7D18CC911A5A}.Release|iPhone.ActiveCfg = Release|Any CPU
		{08F8383F-61DE-4DD7-9765-7D18CC911A5A}.Release|iPhone.Build.0 = Release|Any CPU
		{08F8383F-61DE-4DD7-9765-7D18CC911A5A}.Release|iPhoneSimulator.ActiveCfg = Release|Any CPU
		{08F8383F-61DE-4DD7-9765-7D18CC911A5A}.Release|iPhoneSimulator.Build.0 = Release|Any CPU
		{1EB1101C-1F19-4416-8E92-BFF23CA54BA7}.Debug|Any CPU.ActiveCfg = Debug|Any CPU
		{1EB1101C-1F19-4416-8E92-BFF23CA54BA7}.Debug|Any CPU.Build.0 = Debug|Any CPU
		{1EB1101C-1F19-4416-8E92-BFF23CA54BA7}.Debug|Any CPU.Deploy.0 = Debug|Any CPU
		{1EB1101C-1F19-4416-8E92-BFF23CA54BA7}.Debug|iPhone.ActiveCfg = Debug|Any CPU
		{1EB1101C-1F19-4416-8E92-BFF23CA54BA7}.Debug|iPhone.Build.0 = Debug|Any CPU
		{1EB1101C-1F19-4416-8E92-BFF23CA54BA7}.Debug|iPhone.Deploy.0 = Debug|Any CPU
		{1EB1101C-1F19-4416-8E92-BFF23CA54BA7}.Debug|iPhoneSimulator.ActiveCfg = Debug|Any CPU
		{1EB1101C-1F19-4416-8E92-BFF23CA54BA7}.Debug|iPhoneSimulator.Build.0 = Debug|Any CPU
		{1EB1101C-1F19-4416-8E92-BFF23CA54BA7}.Debug|iPhoneSimulator.Deploy.0 = Debug|Any CPU
		{1EB1101C-1F19-4416-8E92-BFF23CA54BA7}.Mac_HomeDebug|Any CPU.ActiveCfg = Mac_HomeDebug|Any CPU
		{1EB1101C-1F19-4416-8E92-BFF23CA54BA7}.Mac_HomeDebug|Any CPU.Build.0 = Mac_HomeDebug|Any CPU
		{1EB1101C-1F19-4416-8E92-BFF23CA54BA7}.Mac_HomeDebug|Any CPU.Deploy.0 = Mac_HomeDebug|Any CPU
		{1EB1101C-1F19-4416-8E92-BFF23CA54BA7}.Mac_HomeDebug|iPhone.ActiveCfg = Mac_HomeDebug|Any CPU
		{1EB1101C-1F19-4416-8E92-BFF23CA54BA7}.Mac_HomeDebug|iPhone.Build.0 = Mac_HomeDebug|Any CPU
		{1EB1101C-1F19-4416-8E92-BFF23CA54BA7}.Mac_HomeDebug|iPhone.Deploy.0 = Mac_HomeDebug|Any CPU
		{1EB1101C-1F19-4416-8E92-BFF23CA54BA7}.Mac_HomeDebug|iPhoneSimulator.ActiveCfg = Mac_HomeDebug|Any CPU
		{1EB1101C-1F19-4416-8E92-BFF23CA54BA7}.Mac_HomeDebug|iPhoneSimulator.Build.0 = Mac_HomeDebug|Any CPU
		{1EB1101C-1F19-4416-8E92-BFF23CA54BA7}.Mac_HomeDebug|iPhoneSimulator.Deploy.0 = Mac_HomeDebug|Any CPU
		{1EB1101C-1F19-4416-8E92-BFF23CA54BA7}.PC_HomeDebug|Any CPU.ActiveCfg = PC_HomeDebug|Any CPU
		{1EB1101C-1F19-4416-8E92-BFF23CA54BA7}.PC_HomeDebug|Any CPU.Build.0 = PC_HomeDebug|Any CPU
		{1EB1101C-1F19-4416-8E92-BFF23CA54BA7}.PC_HomeDebug|Any CPU.Deploy.0 = PC_HomeDebug|Any CPU
		{1EB1101C-1F19-4416-8E92-BFF23CA54BA7}.PC_HomeDebug|iPhone.ActiveCfg = PC_HomeDebug|Any CPU
		{1EB1101C-1F19-4416-8E92-BFF23CA54BA7}.PC_HomeDebug|iPhone.Build.0 = PC_HomeDebug|Any CPU
		{1EB1101C-1F19-4416-8E92-BFF23CA54BA7}.PC_HomeDebug|iPhone.Deploy.0 = PC_HomeDebug|Any CPU
		{1EB1101C-1F19-4416-8E92-BFF23CA54BA7}.PC_HomeDebug|iPhoneSimulator.ActiveCfg = PC_HomeDebug|Any CPU
		{1EB1101C-1F19-4416-8E92-BFF23CA54BA7}.PC_HomeDebug|iPhoneSimulator.Build.0 = PC_HomeDebug|Any CPU
		{1EB1101C-1F19-4416-8E92-BFF23CA54BA7}.PC_HomeDebug|iPhoneSimulator.Deploy.0 = PC_HomeDebug|Any CPU
		{1EB1101C-1F19-4416-8E92-BFF23CA54BA7}.Release|Any CPU.ActiveCfg = Release|Any CPU
		{1EB1101C-1F19-4416-8E92-BFF23CA54BA7}.Release|Any CPU.Build.0 = Release|Any CPU
		{1EB1101C-1F19-4416-8E92-BFF23CA54BA7}.Release|Any CPU.Deploy.0 = Release|Any CPU
		{1EB1101C-1F19-4416-8E92-BFF23CA54BA7}.Release|iPhone.ActiveCfg = Release|Any CPU
		{1EB1101C-1F19-4416-8E92-BFF23CA54BA7}.Release|iPhone.Build.0 = Release|Any CPU
		{1EB1101C-1F19-4416-8E92-BFF23CA54BA7}.Release|iPhone.Deploy.0 = Release|Any CPU
		{1EB1101C-1F19-4416-8E92-BFF23CA54BA7}.Release|iPhoneSimulator.ActiveCfg = Release|Any CPU
		{1EB1101C-1F19-4416-8E92-BFF23CA54BA7}.Release|iPhoneSimulator.Build.0 = Release|Any CPU
		{1EB1101C-1F19-4416-8E92-BFF23CA54BA7}.Release|iPhoneSimulator.Deploy.0 = Release|Any CPU
		{357BA13C-1E65-4F11-8EEA-3BC10CBDB439}.Debug|Any CPU.ActiveCfg = Debug|iPhone
		{357BA13C-1E65-4F11-8EEA-3BC10CBDB439}.Debug|iPhone.ActiveCfg = Debug|iPhone
		{357BA13C-1E65-4F11-8EEA-3BC10CBDB439}.Debug|iPhone.Build.0 = Debug|iPhone
		{357BA13C-1E65-4F11-8EEA-3BC10CBDB439}.Debug|iPhoneSimulator.ActiveCfg = Debug|iPhoneSimulator
		{357BA13C-1E65-4F11-8EEA-3BC10CBDB439}.Debug|iPhoneSimulator.Build.0 = Debug|iPhoneSimulator
		{357BA13C-1E65-4F11-8EEA-3BC10CBDB439}.Mac_HomeDebug|Any CPU.ActiveCfg = Mac_HomeDebug|iPhoneSimulator
		{357BA13C-1E65-4F11-8EEA-3BC10CBDB439}.Mac_HomeDebug|iPhone.ActiveCfg = Mac_HomeDebug|iPhone
		{357BA13C-1E65-4F11-8EEA-3BC10CBDB439}.Mac_HomeDebug|iPhone.Build.0 = Mac_HomeDebug|iPhone
		{357BA13C-1E65-4F11-8EEA-3BC10CBDB439}.Mac_HomeDebug|iPhoneSimulator.ActiveCfg = Mac_HomeDebug|iPhoneSimulator
		{357BA13C-1E65-4F11-8EEA-3BC10CBDB439}.Mac_HomeDebug|iPhoneSimulator.Build.0 = Mac_HomeDebug|iPhoneSimulator
		{357BA13C-1E65-4F11-8EEA-3BC10CBDB439}.PC_HomeDebug|Any CPU.ActiveCfg = PC_HomeDebug|iPhoneSimulator
		{357BA13C-1E65-4F11-8EEA-3BC10CBDB439}.PC_HomeDebug|iPhone.ActiveCfg = PC_HomeDebug|iPhone
		{357BA13C-1E65-4F11-8EEA-3BC10CBDB439}.PC_HomeDebug|iPhoneSimulator.ActiveCfg = PC_HomeDebug|iPhoneSimulator
		{357BA13C-1E65-4F11-8EEA-3BC10CBDB439}.Release|Any CPU.ActiveCfg = Release|iPhone
		{357BA13C-1E65-4F11-8EEA-3BC10CBDB439}.Release|iPhone.ActiveCfg = Release|iPhone
		{357BA13C-1E65-4F11-8EEA-3BC10CBDB439}.Release|iPhone.Build.0 = Release|iPhone
		{357BA13C-1E65-4F11-8EEA-3BC10CBDB439}.Release|iPhoneSimulator.ActiveCfg = Release|iPhoneSimulator
		{357BA13C-1E65-4F11-8EEA-3BC10CBDB439}.Release|iPhoneSimulator.Build.0 = Release|iPhoneSimulator
		{F10DA07E-00C3-4806-9630-5C18FE3CC7C2}.Debug|Any CPU.ActiveCfg = Debug|Any CPU
		{F10DA07E-00C3-4806-9630-5C18FE3CC7C2}.Debug|Any CPU.Build.0 = Debug|Any CPU
		{F10DA07E-00C3-4806-9630-5C18FE3CC7C2}.Debug|iPhone.ActiveCfg = Debug|Any CPU
		{F10DA07E-00C3-4806-9630-5C18FE3CC7C2}.Debug|iPhone.Build.0 = Debug|Any CPU
		{F10DA07E-00C3-4806-9630-5C18FE3CC7C2}.Debug|iPhoneSimulator.ActiveCfg = Debug|Any CPU
		{F10DA07E-00C3-4806-9630-5C18FE3CC7C2}.Debug|iPhoneSimulator.Build.0 = Debug|Any CPU
		{F10DA07E-00C3-4806-9630-5C18FE3CC7C2}.Mac_HomeDebug|Any CPU.ActiveCfg = Mac_HomeDebug|Any CPU
		{F10DA07E-00C3-4806-9630-5C18FE3CC7C2}.Mac_HomeDebug|Any CPU.Build.0 = Mac_HomeDebug|Any CPU
		{F10DA07E-00C3-4806-9630-5C18FE3CC7C2}.Mac_HomeDebug|iPhone.ActiveCfg = Mac_HomeDebug|Any CPU
		{F10DA07E-00C3-4806-9630-5C18FE3CC7C2}.Mac_HomeDebug|iPhone.Build.0 = Mac_HomeDebug|Any CPU
		{F10DA07E-00C3-4806-9630-5C18FE3CC7C2}.Mac_HomeDebug|iPhoneSimulator.ActiveCfg = Mac_HomeDebug|Any CPU
		{F10DA07E-00C3-4806-9630-5C18FE3CC7C2}.Mac_HomeDebug|iPhoneSimulator.Build.0 = Mac_HomeDebug|Any CPU
		{F10DA07E-00C3-4806-9630-5C18FE3CC7C2}.PC_HomeDebug|Any CPU.ActiveCfg = PC_HomeDebug|Any CPU
		{F10DA07E-00C3-4806-9630-5C18FE3CC7C2}.PC_HomeDebug|Any CPU.Build.0 = PC_HomeDebug|Any CPU
		{F10DA07E-00C3-4806-9630-5C18FE3CC7C2}.PC_HomeDebug|iPhone.ActiveCfg = PC_HomeDebug|Any CPU
		{F10DA07E-00C3-4806-9630-5C18FE3CC7C2}.PC_HomeDebug|iPhone.Build.0 = PC_HomeDebug|Any CPU
		{F10DA07E-00C3-4806-9630-5C18FE3CC7C2}.PC_HomeDebug|iPhoneSimulator.ActiveCfg = PC_HomeDebug|Any CPU
		{F10DA07E-00C3-4806-9630-5C18FE3CC7C2}.PC_HomeDebug|iPhoneSimulator.Build.0 = PC_HomeDebug|Any CPU
		{F10DA07E-00C3-4806-9630-5C18FE3CC7C2}.Release|Any CPU.ActiveCfg = Release|Any CPU
		{F10DA07E-00C3-4806-9630-5C18FE3CC7C2}.Release|Any CPU.Build.0 = Release|Any CPU
		{F10DA07E-00C3-4806-9630-5C18FE3CC7C2}.Release|iPhone.ActiveCfg = Release|Any CPU
		{F10DA07E-00C3-4806-9630-5C18FE3CC7C2}.Release|iPhone.Build.0 = Release|Any CPU
		{F10DA07E-00C3-4806-9630-5C18FE3CC7C2}.Release|iPhoneSimulator.ActiveCfg = Release|Any CPU
		{F10DA07E-00C3-4806-9630-5C18FE3CC7C2}.Release|iPhoneSimulator.Build.0 = Release|Any CPU
		{ECE1EF55-457A-48DA-8C1A-41392D51B1CD}.Debug|Any CPU.ActiveCfg = Debug|Any CPU
		{ECE1EF55-457A-48DA-8C1A-41392D51B1CD}.Debug|Any CPU.Build.0 = Debug|Any CPU
		{ECE1EF55-457A-48DA-8C1A-41392D51B1CD}.Debug|iPhone.ActiveCfg = Debug|Any CPU
		{ECE1EF55-457A-48DA-8C1A-41392D51B1CD}.Debug|iPhone.Build.0 = Debug|Any CPU
		{ECE1EF55-457A-48DA-8C1A-41392D51B1CD}.Debug|iPhoneSimulator.ActiveCfg = Debug|Any CPU
		{ECE1EF55-457A-48DA-8C1A-41392D51B1CD}.Debug|iPhoneSimulator.Build.0 = Debug|Any CPU
		{ECE1EF55-457A-48DA-8C1A-41392D51B1CD}.Mac_HomeDebug|Any CPU.ActiveCfg = Mac_HomeDebug|Any CPU
		{ECE1EF55-457A-48DA-8C1A-41392D51B1CD}.Mac_HomeDebug|Any CPU.Build.0 = Mac_HomeDebug|Any CPU
		{ECE1EF55-457A-48DA-8C1A-41392D51B1CD}.Mac_HomeDebug|iPhone.ActiveCfg = Mac_HomeDebug|Any CPU
		{ECE1EF55-457A-48DA-8C1A-41392D51B1CD}.Mac_HomeDebug|iPhone.Build.0 = Mac_HomeDebug|Any CPU
		{ECE1EF55-457A-48DA-8C1A-41392D51B1CD}.Mac_HomeDebug|iPhoneSimulator.ActiveCfg = Mac_HomeDebug|Any CPU
		{ECE1EF55-457A-48DA-8C1A-41392D51B1CD}.Mac_HomeDebug|iPhoneSimulator.Build.0 = Mac_HomeDebug|Any CPU
		{ECE1EF55-457A-48DA-8C1A-41392D51B1CD}.PC_HomeDebug|Any CPU.ActiveCfg = PC_HomeDebug|Any CPU
		{ECE1EF55-457A-48DA-8C1A-41392D51B1CD}.PC_HomeDebug|Any CPU.Build.0 = PC_HomeDebug|Any CPU
		{ECE1EF55-457A-48DA-8C1A-41392D51B1CD}.PC_HomeDebug|iPhone.ActiveCfg = PC_HomeDebug|Any CPU
		{ECE1EF55-457A-48DA-8C1A-41392D51B1CD}.PC_HomeDebug|iPhone.Build.0 = PC_HomeDebug|Any CPU
		{ECE1EF55-457A-48DA-8C1A-41392D51B1CD}.PC_HomeDebug|iPhoneSimulator.ActiveCfg = PC_HomeDebug|Any CPU
		{ECE1EF55-457A-48DA-8C1A-41392D51B1CD}.PC_HomeDebug|iPhoneSimulator.Build.0 = PC_HomeDebug|Any CPU
		{ECE1EF55-457A-48DA-8C1A-41392D51B1CD}.Release|Any CPU.ActiveCfg = Release|Any CPU
		{ECE1EF55-457A-48DA-8C1A-41392D51B1CD}.Release|Any CPU.Build.0 = Release|Any CPU
		{ECE1EF55-457A-48DA-8C1A-41392D51B1CD}.Release|iPhone.ActiveCfg = Release|Any CPU
		{ECE1EF55-457A-48DA-8C1A-41392D51B1CD}.Release|iPhone.Build.0 = Release|Any CPU
		{ECE1EF55-457A-48DA-8C1A-41392D51B1CD}.Release|iPhoneSimulator.ActiveCfg = Release|Any CPU
		{ECE1EF55-457A-48DA-8C1A-41392D51B1CD}.Release|iPhoneSimulator.Build.0 = Release|Any CPU
		{BAF39C2A-D093-4ADA-919B-27383981E8F4}.Debug|Any CPU.ActiveCfg = Debug|Any CPU
		{BAF39C2A-D093-4ADA-919B-27383981E8F4}.Debug|Any CPU.Build.0 = Debug|Any CPU
		{BAF39C2A-D093-4ADA-919B-27383981E8F4}.Debug|iPhone.ActiveCfg = Debug|Any CPU
		{BAF39C2A-D093-4ADA-919B-27383981E8F4}.Debug|iPhone.Build.0 = Debug|Any CPU
		{BAF39C2A-D093-4ADA-919B-27383981E8F4}.Debug|iPhoneSimulator.ActiveCfg = Debug|Any CPU
		{BAF39C2A-D093-4ADA-919B-27383981E8F4}.Debug|iPhoneSimulator.Build.0 = Debug|Any CPU
		{BAF39C2A-D093-4ADA-919B-27383981E8F4}.Mac_HomeDebug|Any CPU.ActiveCfg = Mac_HomeDebug|Any CPU
		{BAF39C2A-D093-4ADA-919B-27383981E8F4}.Mac_HomeDebug|Any CPU.Build.0 = Mac_HomeDebug|Any CPU
		{BAF39C2A-D093-4ADA-919B-27383981E8F4}.Mac_HomeDebug|iPhone.ActiveCfg = Mac_HomeDebug|Any CPU
		{BAF39C2A-D093-4ADA-919B-27383981E8F4}.Mac_HomeDebug|iPhone.Build.0 = Mac_HomeDebug|Any CPU
		{BAF39C2A-D093-4ADA-919B-27383981E8F4}.Mac_HomeDebug|iPhoneSimulator.ActiveCfg = Mac_HomeDebug|Any CPU
		{BAF39C2A-D093-4ADA-919B-27383981E8F4}.Mac_HomeDebug|iPhoneSimulator.Build.0 = Mac_HomeDebug|Any CPU
		{BAF39C2A-D093-4ADA-919B-27383981E8F4}.PC_HomeDebug|Any CPU.ActiveCfg = PC_HomeDebug|Any CPU
		{BAF39C2A-D093-4ADA-919B-27383981E8F4}.PC_HomeDebug|Any CPU.Build.0 = PC_HomeDebug|Any CPU
		{BAF39C2A-D093-4ADA-919B-27383981E8F4}.PC_HomeDebug|iPhone.ActiveCfg = PC_HomeDebug|Any CPU
		{BAF39C2A-D093-4ADA-919B-27383981E8F4}.PC_HomeDebug|iPhone.Build.0 = PC_HomeDebug|Any CPU
		{BAF39C2A-D093-4ADA-919B-27383981E8F4}.PC_HomeDebug|iPhoneSimulator.ActiveCfg = PC_HomeDebug|Any CPU
		{BAF39C2A-D093-4ADA-919B-27383981E8F4}.PC_HomeDebug|iPhoneSimulator.Build.0 = PC_HomeDebug|Any CPU
		{BAF39C2A-D093-4ADA-919B-27383981E8F4}.Release|Any CPU.ActiveCfg = Release|Any CPU
		{BAF39C2A-D093-4ADA-919B-27383981E8F4}.Release|Any CPU.Build.0 = Release|Any CPU
		{BAF39C2A-D093-4ADA-919B-27383981E8F4}.Release|iPhone.ActiveCfg = Release|Any CPU
		{BAF39C2A-D093-4ADA-919B-27383981E8F4}.Release|iPhone.Build.0 = Release|Any CPU
		{BAF39C2A-D093-4ADA-919B-27383981E8F4}.Release|iPhoneSimulator.ActiveCfg = Release|Any CPU
		{BAF39C2A-D093-4ADA-919B-27383981E8F4}.Release|iPhoneSimulator.Build.0 = Release|Any CPU
		{9631E79B-2B28-4511-81F9-57EE50FA62BE}.Debug|Any CPU.ActiveCfg = Debug|Any CPU
		{9631E79B-2B28-4511-81F9-57EE50FA62BE}.Debug|Any CPU.Build.0 = Debug|Any CPU
		{9631E79B-2B28-4511-81F9-57EE50FA62BE}.Debug|iPhone.ActiveCfg = Debug|Any CPU
		{9631E79B-2B28-4511-81F9-57EE50FA62BE}.Debug|iPhone.Build.0 = Debug|Any CPU
		{9631E79B-2B28-4511-81F9-57EE50FA62BE}.Debug|iPhoneSimulator.ActiveCfg = Debug|Any CPU
		{9631E79B-2B28-4511-81F9-57EE50FA62BE}.Debug|iPhoneSimulator.Build.0 = Debug|Any CPU
		{9631E79B-2B28-4511-81F9-57EE50FA62BE}.Mac_HomeDebug|Any CPU.ActiveCfg = Mac_HomeDebug|Any CPU
		{9631E79B-2B28-4511-81F9-57EE50FA62BE}.Mac_HomeDebug|Any CPU.Build.0 = Mac_HomeDebug|Any CPU
		{9631E79B-2B28-4511-81F9-57EE50FA62BE}.Mac_HomeDebug|iPhone.ActiveCfg = Mac_HomeDebug|Any CPU
		{9631E79B-2B28-4511-81F9-57EE50FA62BE}.Mac_HomeDebug|iPhone.Build.0 = Mac_HomeDebug|Any CPU
		{9631E79B-2B28-4511-81F9-57EE50FA62BE}.Mac_HomeDebug|iPhoneSimulator.ActiveCfg = Mac_HomeDebug|Any CPU
		{9631E79B-2B28-4511-81F9-57EE50FA62BE}.Mac_HomeDebug|iPhoneSimulator.Build.0 = Mac_HomeDebug|Any CPU
		{9631E79B-2B28-4511-81F9-57EE50FA62BE}.PC_HomeDebug|Any CPU.ActiveCfg = PC_HomeDebug|Any CPU
		{9631E79B-2B28-4511-81F9-57EE50FA62BE}.PC_HomeDebug|Any CPU.Build.0 = PC_HomeDebug|Any CPU
		{9631E79B-2B28-4511-81F9-57EE50FA62BE}.PC_HomeDebug|iPhone.ActiveCfg = PC_HomeDebug|Any CPU
		{9631E79B-2B28-4511-81F9-57EE50FA62BE}.PC_HomeDebug|iPhone.Build.0 = PC_HomeDebug|Any CPU
		{9631E79B-2B28-4511-81F9-57EE50FA62BE}.PC_HomeDebug|iPhoneSimulator.ActiveCfg = PC_HomeDebug|Any CPU
		{9631E79B-2B28-4511-81F9-57EE50FA62BE}.PC_HomeDebug|iPhoneSimulator.Build.0 = PC_HomeDebug|Any CPU
		{9631E79B-2B28-4511-81F9-57EE50FA62BE}.Release|Any CPU.ActiveCfg = Release|Any CPU
		{9631E79B-2B28-4511-81F9-57EE50FA62BE}.Release|Any CPU.Build.0 = Release|Any CPU
		{9631E79B-2B28-4511-81F9-57EE50FA62BE}.Release|iPhone.ActiveCfg = Release|Any CPU
		{9631E79B-2B28-4511-81F9-57EE50FA62BE}.Release|iPhone.Build.0 = Release|Any CPU
		{9631E79B-2B28-4511-81F9-57EE50FA62BE}.Release|iPhoneSimulator.ActiveCfg = Release|Any CPU
		{9631E79B-2B28-4511-81F9-57EE50FA62BE}.Release|iPhoneSimulator.Build.0 = Release|Any CPU
		{A5983BFE-2AB8-4AC5-B2A3-791801F65C96}.Debug|Any CPU.ActiveCfg = Debug|Any CPU
		{A5983BFE-2AB8-4AC5-B2A3-791801F65C96}.Debug|Any CPU.Build.0 = Debug|Any CPU
		{A5983BFE-2AB8-4AC5-B2A3-791801F65C96}.Debug|iPhone.ActiveCfg = Debug|Any CPU
		{A5983BFE-2AB8-4AC5-B2A3-791801F65C96}.Debug|iPhone.Build.0 = Debug|Any CPU
		{A5983BFE-2AB8-4AC5-B2A3-791801F65C96}.Debug|iPhoneSimulator.ActiveCfg = Debug|Any CPU
		{A5983BFE-2AB8-4AC5-B2A3-791801F65C96}.Debug|iPhoneSimulator.Build.0 = Debug|Any CPU
		{A5983BFE-2AB8-4AC5-B2A3-791801F65C96}.Mac_HomeDebug|Any CPU.ActiveCfg = Mac_HomeDebug|Any CPU
		{A5983BFE-2AB8-4AC5-B2A3-791801F65C96}.Mac_HomeDebug|Any CPU.Build.0 = Mac_HomeDebug|Any CPU
		{A5983BFE-2AB8-4AC5-B2A3-791801F65C96}.Mac_HomeDebug|iPhone.ActiveCfg = Mac_HomeDebug|Any CPU
		{A5983BFE-2AB8-4AC5-B2A3-791801F65C96}.Mac_HomeDebug|iPhone.Build.0 = Mac_HomeDebug|Any CPU
		{A5983BFE-2AB8-4AC5-B2A3-791801F65C96}.Mac_HomeDebug|iPhoneSimulator.ActiveCfg = Mac_HomeDebug|Any CPU
		{A5983BFE-2AB8-4AC5-B2A3-791801F65C96}.Mac_HomeDebug|iPhoneSimulator.Build.0 = Mac_HomeDebug|Any CPU
		{A5983BFE-2AB8-4AC5-B2A3-791801F65C96}.PC_HomeDebug|Any CPU.ActiveCfg = PC_HomeDebug|Any CPU
		{A5983BFE-2AB8-4AC5-B2A3-791801F65C96}.PC_HomeDebug|Any CPU.Build.0 = PC_HomeDebug|Any CPU
		{A5983BFE-2AB8-4AC5-B2A3-791801F65C96}.PC_HomeDebug|iPhone.ActiveCfg = PC_HomeDebug|Any CPU
		{A5983BFE-2AB8-4AC5-B2A3-791801F65C96}.PC_HomeDebug|iPhone.Build.0 = PC_HomeDebug|Any CPU
		{A5983BFE-2AB8-4AC5-B2A3-791801F65C96}.PC_HomeDebug|iPhoneSimulator.ActiveCfg = PC_HomeDebug|Any CPU
		{A5983BFE-2AB8-4AC5-B2A3-791801F65C96}.PC_HomeDebug|iPhoneSimulator.Build.0 = PC_HomeDebug|Any CPU
		{A5983BFE-2AB8-4AC5-B2A3-791801F65C96}.Release|Any CPU.ActiveCfg = Release|Any CPU
		{A5983BFE-2AB8-4AC5-B2A3-791801F65C96}.Release|Any CPU.Build.0 = Release|Any CPU
		{A5983BFE-2AB8-4AC5-B2A3-791801F65C96}.Release|iPhone.ActiveCfg = Release|Any CPU
		{A5983BFE-2AB8-4AC5-B2A3-791801F65C96}.Release|iPhone.Build.0 = Release|Any CPU
		{A5983BFE-2AB8-4AC5-B2A3-791801F65C96}.Release|iPhoneSimulator.ActiveCfg = Release|Any CPU
		{A5983BFE-2AB8-4AC5-B2A3-791801F65C96}.Release|iPhoneSimulator.Build.0 = Release|Any CPU
		{F259C8D0-C5ED-4307-9CD0-394F958F162E}.Debug|Any CPU.ActiveCfg = Debug|Any CPU
		{F259C8D0-C5ED-4307-9CD0-394F958F162E}.Debug|Any CPU.Build.0 = Debug|Any CPU
		{F259C8D0-C5ED-4307-9CD0-394F958F162E}.Debug|iPhone.ActiveCfg = Debug|Any CPU
		{F259C8D0-C5ED-4307-9CD0-394F958F162E}.Debug|iPhone.Build.0 = Debug|Any CPU
		{F259C8D0-C5ED-4307-9CD0-394F958F162E}.Debug|iPhoneSimulator.ActiveCfg = Debug|Any CPU
		{F259C8D0-C5ED-4307-9CD0-394F958F162E}.Debug|iPhoneSimulator.Build.0 = Debug|Any CPU
		{F259C8D0-C5ED-4307-9CD0-394F958F162E}.Mac_HomeDebug|Any CPU.ActiveCfg = Mac_HomeDebug|Any CPU
		{F259C8D0-C5ED-4307-9CD0-394F958F162E}.Mac_HomeDebug|Any CPU.Build.0 = Mac_HomeDebug|Any CPU
		{F259C8D0-C5ED-4307-9CD0-394F958F162E}.Mac_HomeDebug|iPhone.ActiveCfg = Mac_HomeDebug|Any CPU
		{F259C8D0-C5ED-4307-9CD0-394F958F162E}.Mac_HomeDebug|iPhone.Build.0 = Mac_HomeDebug|Any CPU
		{F259C8D0-C5ED-4307-9CD0-394F958F162E}.Mac_HomeDebug|iPhoneSimulator.ActiveCfg = Mac_HomeDebug|Any CPU
		{F259C8D0-C5ED-4307-9CD0-394F958F162E}.Mac_HomeDebug|iPhoneSimulator.Build.0 = Mac_HomeDebug|Any CPU
		{F259C8D0-C5ED-4307-9CD0-394F958F162E}.PC_HomeDebug|Any CPU.ActiveCfg = PC_HomeDebug|Any CPU
		{F259C8D0-C5ED-4307-9CD0-394F958F162E}.PC_HomeDebug|Any CPU.Build.0 = PC_HomeDebug|Any CPU
		{F259C8D0-C5ED-4307-9CD0-394F958F162E}.PC_HomeDebug|iPhone.ActiveCfg = PC_HomeDebug|Any CPU
		{F259C8D0-C5ED-4307-9CD0-394F958F162E}.PC_HomeDebug|iPhone.Build.0 = PC_HomeDebug|Any CPU
		{F259C8D0-C5ED-4307-9CD0-394F958F162E}.PC_HomeDebug|iPhoneSimulator.ActiveCfg = PC_HomeDebug|Any CPU
		{F259C8D0-C5ED-4307-9CD0-394F958F162E}.PC_HomeDebug|iPhoneSimulator.Build.0 = PC_HomeDebug|Any CPU
		{F259C8D0-C5ED-4307-9CD0-394F958F162E}.Release|Any CPU.ActiveCfg = Release|Any CPU
		{F259C8D0-C5ED-4307-9CD0-394F958F162E}.Release|Any CPU.Build.0 = Release|Any CPU
		{F259C8D0-C5ED-4307-9CD0-394F958F162E}.Release|iPhone.ActiveCfg = Release|Any CPU
		{F259C8D0-C5ED-4307-9CD0-394F958F162E}.Release|iPhone.Build.0 = Release|Any CPU
		{F259C8D0-C5ED-4307-9CD0-394F958F162E}.Release|iPhoneSimulator.ActiveCfg = Release|Any CPU
		{F259C8D0-C5ED-4307-9CD0-394F958F162E}.Release|iPhoneSimulator.Build.0 = Release|Any CPU
		{883C0DCA-4A4B-47E7-8C2F-E7BAE367D6EF}.Debug|Any CPU.ActiveCfg = Debug|Any CPU
		{883C0DCA-4A4B-47E7-8C2F-E7BAE367D6EF}.Debug|Any CPU.Build.0 = Debug|Any CPU
		{883C0DCA-4A4B-47E7-8C2F-E7BAE367D6EF}.Debug|iPhone.ActiveCfg = Debug|Any CPU
		{883C0DCA-4A4B-47E7-8C2F-E7BAE367D6EF}.Debug|iPhone.Build.0 = Debug|Any CPU
		{883C0DCA-4A4B-47E7-8C2F-E7BAE367D6EF}.Debug|iPhoneSimulator.ActiveCfg = Debug|Any CPU
		{883C0DCA-4A4B-47E7-8C2F-E7BAE367D6EF}.Debug|iPhoneSimulator.Build.0 = Debug|Any CPU
		{883C0DCA-4A4B-47E7-8C2F-E7BAE367D6EF}.Mac_HomeDebug|Any CPU.ActiveCfg = Debug|Any CPU
		{883C0DCA-4A4B-47E7-8C2F-E7BAE367D6EF}.Mac_HomeDebug|Any CPU.Build.0 = Debug|Any CPU
		{883C0DCA-4A4B-47E7-8C2F-E7BAE367D6EF}.Mac_HomeDebug|iPhone.ActiveCfg = Debug|Any CPU
		{883C0DCA-4A4B-47E7-8C2F-E7BAE367D6EF}.Mac_HomeDebug|iPhone.Build.0 = Debug|Any CPU
		{883C0DCA-4A4B-47E7-8C2F-E7BAE367D6EF}.Mac_HomeDebug|iPhoneSimulator.ActiveCfg = Debug|Any CPU
		{883C0DCA-4A4B-47E7-8C2F-E7BAE367D6EF}.Mac_HomeDebug|iPhoneSimulator.Build.0 = Debug|Any CPU
		{883C0DCA-4A4B-47E7-8C2F-E7BAE367D6EF}.PC_HomeDebug|Any CPU.ActiveCfg = Debug|Any CPU
		{883C0DCA-4A4B-47E7-8C2F-E7BAE367D6EF}.PC_HomeDebug|Any CPU.Build.0 = Debug|Any CPU
		{883C0DCA-4A4B-47E7-8C2F-E7BAE367D6EF}.PC_HomeDebug|iPhone.ActiveCfg = Debug|Any CPU
		{883C0DCA-4A4B-47E7-8C2F-E7BAE367D6EF}.PC_HomeDebug|iPhone.Build.0 = Debug|Any CPU
		{883C0DCA-4A4B-47E7-8C2F-E7BAE367D6EF}.PC_HomeDebug|iPhoneSimulator.ActiveCfg = Debug|Any CPU
		{883C0DCA-4A4B-47E7-8C2F-E7BAE367D6EF}.PC_HomeDebug|iPhoneSimulator.Build.0 = Debug|Any CPU
		{883C0DCA-4A4B-47E7-8C2F-E7BAE367D6EF}.Release|Any CPU.ActiveCfg = Release|Any CPU
		{883C0DCA-4A4B-47E7-8C2F-E7BAE367D6EF}.Release|Any CPU.Build.0 = Release|Any CPU
		{883C0DCA-4A4B-47E7-8C2F-E7BAE367D6EF}.Release|iPhone.ActiveCfg = Release|Any CPU
		{883C0DCA-4A4B-47E7-8C2F-E7BAE367D6EF}.Release|iPhone.Build.0 = Release|Any CPU
		{883C0DCA-4A4B-47E7-8C2F-E7BAE367D6EF}.Release|iPhoneSimulator.ActiveCfg = Release|Any CPU
		{883C0DCA-4A4B-47E7-8C2F-E7BAE367D6EF}.Release|iPhoneSimulator.Build.0 = Release|Any CPU
	EndGlobalSection
	GlobalSection(SolutionProperties) = preSolution
		HideSolutionNode = FALSE
	EndGlobalSection
	GlobalSection(ExtensibilityGlobals) = postSolution
		SolutionGuid = {CD40E2DF-EB8E-4885-BFE3-1A3D6B32F713}
	EndGlobalSection
	GlobalSection(MonoDevelopProperties) = preSolution
		Policies = $0
		$0.DotNetNamingPolicy = $1
		$1.DirectoryNamespaceAssociation = PrefixedHierarchical
		$0.StandardHeader = $2
		$0.VersionControlPolicy = $3
		version = 0.1.0
	EndGlobalSection
EndGlobal
